<?xml version="1.0" encoding="utf-8"?>
<Project ToolsVersion="4.0" xmlns="http://schemas.microsoft.com/developer/msbuild/2003">
  <ItemGroup>
    <Filter Include="Source Files">
      <UniqueIdentifier>{4FC737F1-C7A5-4376-A066-2A32D752A2FF}</UniqueIdentifier>
      <Extensions>cpp;c;cc;cxx;c++;def;odl;idl;hpj;bat;asm;asmx</Extensions>
    </Filter>
    <Filter Include="Header Files">
      <UniqueIdentifier>{93995380-89BD-4b04-88EB-625FBE52EBFB}</UniqueIdentifier>
      <Extensions>h;hh;hpp;hxx;h++;hm;inl;inc;ipp;xsd</Extensions>
    </Filter>
    <Filter Include="Resource Files">
      <UniqueIdentifier>{67DA6AB6-F800-4c08-8B7A-83BB121AAD01}</UniqueIdentifier>
      <Extensions>rc;ico;cur;bmp;dlg;rc2;rct;bin;rgs;gif;jpg;jpeg;jpe;resx;tiff;tif;png;wav;mfcribbon-ms</Extensions>
    </Filter>
    <Filter Include="Header Files\Character">
      <UniqueIdentifier>{ab6b33b9-4fef-4115-b15d-ebe8133288e1}</UniqueIdentifier>
    </Filter>
    <Filter Include="Header Files\Design Patterns">
      <UniqueIdentifier>{1166de67-b51b-460e-901a-0d36babf110d}</UniqueIdentifier>
    </Filter>
    <Filter Include="Source Files\Character">
      <UniqueIdentifier>{7cf9daf8-0c0a-40fc-8b36-dd88fa90a4a2}</UniqueIdentifier>
    </Filter>
  </ItemGroup>
  <ItemGroup>
    <ClInclude Include="..\headers\Audio.h">
      <Filter>Header Files</Filter>
    </ClInclude>
    <ClInclude Include="..\headers\Board.h">
      <Filter>Header Files</Filter>
    </ClInclude>
    <ClInclude Include="..\design patterns\IObserver.h">
      <Filter>Header Files\Design Patterns</Filter>
    </ClInclude>
    <ClInclude Include="..\design patterns\ISubject.h">
      <Filter>Header Files\Design Patterns</Filter>
    </ClInclude>
    <ClInclude Include="..\headers\Character.h">
      <Filter>Header Files\Character</Filter>
    </ClInclude>
    <ClInclude Include="..\headers\Ghost.h">
      <Filter>Header Files\Character</Filter>
    </ClInclude>
    <ClInclude Include="..\headers\GhostManager.h">
      <Filter>Header Files\Character</Filter>
    </ClInclude>
    <ClInclude Include="..\headers\Pacman.h">
      <Filter>Header Files\Character</Filter>
    </ClInclude>
    <ClInclude Include="Common.h">
      <Filter>Header Files</Filter>
    </ClInclude>
    <ClInclude Include="resource.h">
      <Filter>Header Files</Filter>
    </ClInclude>
    <ClInclude Include="..\headers\Pellets.h">
      <Filter>Header Files</Filter>
    </ClInclude>
    <ClInclude Include="..\headers\Graph.h">
      <Filter>Header Files\Character</Filter>
    </ClInclude>
    <ClInclude Include="..\headers\MinHeap.h">
      <Filter>Header Files\Character</Filter>
    </ClInclude>
    <ClInclude Include="..\headers\Words.h">
      <Filter>Header Files</Filter>
    </ClInclude>
    <ClInclude Include="..\headers\GameManager.h">
      <Filter>Header Files</Filter>
    </ClInclude>
    <ClInclude Include="..\headers\Email.h">
      <Filter>Header Files</Filter>
    </ClInclude>
  </ItemGroup>
  <ItemGroup>
    <ClCompile Include="..\sources\Character.cpp">
      <Filter>Source Files\Character</Filter>
    </ClCompile>
    <ClCompile Include="..\sources\Ghost.cpp">
      <Filter>Source Files\Character</Filter>
    </ClCompile>
    <ClCompile Include="..\sources\GhostManager.cpp">
      <Filter>Source Files\Character</Filter>
    </ClCompile>
    <ClCompile Include="..\sources\Pacman.cpp">
      <Filter>Source Files\Character</Filter>
    </ClCompile>
    <ClCompile Include="..\sources\Audio.cpp">
      <Filter>Source Files</Filter>
    </ClCompile>
    <ClCompile Include="..\sources\Board.cpp">
      <Filter>Source Files</Filter>
    </ClCompile>
    <ClCompile Include="..\sources\Graph.cpp">
      <Filter>Source Files</Filter>
    </ClCompile>
    <ClCompile Include="..\sources\MinHeap.cpp">
      <Filter>Source Files</Filter>
    </ClCompile>
    <ClCompile Include="..\sources\Pellets.cpp">
      <Filter>Source Files</Filter>
    </ClCompile>
    <ClCompile Include="..\sources\GameManager.cpp">
      <Filter>Source Files</Filter>
    </ClCompile>
    <ClCompile Include="..\sources\main.cpp">
      <Filter>Source Files</Filter>
    </ClCompile>
  </ItemGroup>
  <ItemGroup>
    <ResourceCompile Include="Pacman.rc">
      <Filter>Resource Files</Filter>
    </ResourceCompile>
  </ItemGroup>
</Project>