
Microsoft Visual Studio Solution File, Format Version 12.00
# Visual Studio Version 16
VisualStudioVersion = 16.0.30011.22
MinimumVisualStudioVersion = 10.0.40219.1
Project("{8BC9CEB8-8B4A-11D0-8D11-00A0C91BC942}") = "Pacman", "Pacman.vcxproj", "{451E3ADF-F466-4C0B-8C53-A9AF43009341}"
EndProject
Global
	GlobalSection(SolutionConfigurationPlatforms) = preSolution
		Debug|x64 = Debug|x64
		Debug|x86 = Debug|x86
		Release|x64 = Release|x64
		Release|x86 = Release|x86
	EndGlobalSection
	GlobalSection(ProjectConfigurationPlatforms) = postSolution
		{451E3ADF-F466-4C0B-8C53-A9AF43009341}.Debug|x64.ActiveCfg = Debug|x64
		{451E3ADF-F466-4C0B-8C53-A9AF43009341}.Debug|x64.Build.0 = Debug|x64
		{451E3ADF-F466-4C0B-8C53-A9AF43009341}.Debug|x86.ActiveCfg = Debug|Win32
		{451E3ADF-F466-4C0B-8C53-A9AF43009341}.Debug|x86.Build.0 = Debug|Win32
		{451E3ADF-F466-4C0B-8C53-A9AF43009341}.Release|x64.ActiveCfg = Release|x64
		{451E3ADF-F466-4C0B-8C53-A9AF43009341}.Release|x64.Build.0 = Release|x64
		{451E3ADF-F466-4C0B-8C53-A9AF43009341}.Release|x86.ActiveCfg = Release|Win32
		{451E3ADF-F466-4C0B-8C53-A9AF43009341}.Release|x86.Build.0 = Release|Win32
	EndGlobalSection
	GlobalSection(SolutionProperties) = preSolution
		HideSolutionNode = FALSE
	EndGlobalSection
	GlobalSection(ExtensibilityGlobals) = postSolution
		SolutionGuid = {30273B16-0B9A-4F6E-946A-AD66DD619955}
	EndGlobalSection
EndGlobal
