
Microsoft Visual Studio Solution File, Format Version 12.00
# Visual Studio 2012
Project("{FAE04EC0-301F-11D3-BF4B-00C04F79EFBC}") = "AppProject1", "AppProject1\AppProject1.csproj", "{D0870337-0131-4579-9871-75259EFFF654}"
EndProject
Global
	GlobalSection(SolutionConfigurationPlatforms) = preSolution
		Debug|Any CPU = Debug|Any CPU
		Release|Any CPU = Release|Any CPU
	EndGlobalSection
	GlobalSection(ProjectConfigurationPlatforms) = postSolution
		{D0870337-0131-4579-9871-75259EFFF654}.Debug|Any CPU.ActiveCfg = Debug|Any CPU
		{D0870337-0131-4579-9871-75259EFFF654}.Debug|Any CPU.Build.0 = Debug|Any CPU
		{D0870337-0131-4579-9871-75259EFFF654}.Release|Any CPU.ActiveCfg = Release|Any CPU
		{D0870337-0131-4579-9871-75259EFFF654}.Release|Any CPU.Build.0 = Release|Any CPU
	EndGlobalSection
	GlobalSection(SolutionProperties) = preSolution
		HideSolutionNode = FALSE
	EndGlobalSection
EndGlobal
